<?xml version="1.0" encoding="utf-8"?>
<Project ToolsVersion="4.0" xmlns="http://schemas.microsoft.com/developer/msbuild/2003">
  <ItemGroup>
    <Filter Include="Header Files">
      <UniqueIdentifier>{93995380-89BD-4b04-88EB-625FBE52EBFB}</UniqueIdentifier>
      <Extensions>h;hpp;hxx;hm;inl;inc;xsd</Extensions>
    </Filter>
    <Filter Include="Resource Files">
      <UniqueIdentifier>{67DA6AB6-F800-4c08-8B7A-83BB121AAD01}</UniqueIdentifier>
      <Extensions>rc;ico;cur;bmp;dlg;rc2;rct;bin;rgs;gif;jpg;jpeg;jpe;resx</Extensions>
    </Filter>
    <Filter Include="Source Files">
      <UniqueIdentifier>{4FC737F1-C7A5-4376-A066-2A32D752A2FF}</UniqueIdentifier>
      <Extensions>cpp;c;cc;cxx;def;odl;idl;hpj;bat;asm;asmx</Extensions>
    </Filter>
  </ItemGroup>
  <ItemGroup>
    <ClInclude Include="astrolog.h">
      <Filter>Header Files</Filter>
    </ClInclude>
    <ClInclude Include="extern.h">
      <Filter>Header Files</Filter>
    </ClInclude>
    <ClInclude Include="placalc.h">
      <Filter>Header Files</Filter>
    </ClInclude>
    <ClInclude Include="resource.h">
      <Filter>Header Files</Filter>
    </ClInclude>
    <ClInclude Include="swejpl.h">
      <Filter>Header Files</Filter>
    </ClInclude>
    <ClInclude Include="swenut2a.h">
      <Filter>Header Files</Filter>
    </ClInclude>
    <ClInclude Include="sweodef.h">
      <Filter>Header Files</Filter>
    </ClInclude>
    <ClInclude Include="sweph.h">
      <Filter>Header Files</Filter>
    </ClInclude>
    <ClInclude Include="swephexp.h">
      <Filter>Header Files</Filter>
    </ClInclude>
    <ClInclude Include="swephlib.h">
      <Filter>Header Files</Filter>
    </ClInclude>
  </ItemGroup>
  <ItemGroup>
    <Image Include="astrlog1.ico">
      <Filter>Resource Files</Filter>
    </Image>
    <Image Include="astrlog2.ico">
      <Filter>Resource Files</Filter>
    </Image>
    <Image Include="astrlog3.ico">
      <Filter>Resource Files</Filter>
    </Image>
    <Image Include="astrlog4.ico">
      <Filter>Resource Files</Filter>
    </Image>
  </ItemGroup>
  <ItemGroup>
    <ResourceCompile Include="astrolog.rc">
      <Filter>Resource Files</Filter>
    </ResourceCompile>
  </ItemGroup>
  <ItemGroup>
    <ClCompile Include="astrolog.cpp">
      <Filter>Source Files</Filter>
    </ClCompile>
    <ClCompile Include="calc.cpp">
      <Filter>Source Files</Filter>
    </ClCompile>
    <ClCompile Include="charts0.cpp">
      <Filter>Source Files</Filter>
    </ClCompile>
    <ClCompile Include="charts1.cpp">
      <Filter>Source Files</Filter>
    </ClCompile>
    <ClCompile Include="charts2.cpp">
      <Filter>Source Files</Filter>
    </ClCompile>
    <ClCompile Include="charts3.cpp">
      <Filter>Source Files</Filter>
    </ClCompile>
    <ClCompile Include="data.cpp">
      <Filter>Source Files</Filter>
    </ClCompile>
    <ClCompile Include="data2.cpp">
      <Filter>Source Files</Filter>
    </ClCompile>
    <ClCompile Include="general.cpp">
      <Filter>Source Files</Filter>
    </ClCompile>
    <ClCompile Include="intrpret.cpp">
      <Filter>Source Files</Filter>
    </ClCompile>
    <ClCompile Include="io.cpp">
      <Filter>Source Files</Filter>
    </ClCompile>
    <ClCompile Include="matrix.cpp">
      <Filter>Source Files</Filter>
    </ClCompile>
    <ClCompile Include="placalc.cpp">
      <Filter>Source Files</Filter>
    </ClCompile>
    <ClCompile Include="placalc2.cpp">
      <Filter>Source Files</Filter>
    </ClCompile>
    <ClCompile Include="swedate.cpp">
      <Filter>Source Files</Filter>
    </ClCompile>
    <ClCompile Include="swejpl.cpp">
      <Filter>Source Files</Filter>
    </ClCompile>
    <ClCompile Include="swemmoon.cpp">
      <Filter>Source Files</Filter>
    </ClCompile>
    <ClCompile Include="swemplan.cpp">
      <Filter>Source Files</Filter>
    </ClCompile>
    <ClCompile Include="sweph.cpp">
      <Filter>Source Files</Filter>
    </ClCompile>
    <ClCompile Include="swephlib.cpp">
      <Filter>Source Files</Filter>
    </ClCompile>
    <ClCompile Include="wdialog.cpp">
      <Filter>Source Files</Filter>
    </ClCompile>
    <ClCompile Include="wdriver.cpp">
      <Filter>Source Files</Filter>
    </ClCompile>
    <ClCompile Include="xcharts0.cpp">
      <Filter>Source Files</Filter>
    </ClCompile>
    <ClCompile Include="xcharts1.cpp">
      <Filter>Source Files</Filter>
    </ClCompile>
    <ClCompile Include="xcharts2.cpp">
      <Filter>Source Files</Filter>
    </ClCompile>
    <ClCompile Include="xdata.cpp">
      <Filter>Source Files</Filter>
    </ClCompile>
    <ClCompile Include="xdevice.cpp">
      <Filter>Source Files</Filter>
    </ClCompile>
    <ClCompile Include="xgeneral.cpp">
      <Filter>Source Files</Filter>
    </ClCompile>
    <ClCompile Include="xscreen.cpp">
      <Filter>Source Files</Filter>
    </ClCompile>
  </ItemGroup>
</Project>